
Microsoft Visual Studio Solution File, Format Version 12.00
# Visual Studio 2013
VisualStudioVersion = 12.0.31101.0
MinimumVisualStudioVersion = 10.0.40219.1
Project("{FAE04EC0-301F-11D3-BF4B-00C04F79EFBC}") = "CallOut_CodingServiceLib", "CallOut_CodingServiceLib\CallOut_CodingServiceLib.csproj", "{D8E04806-EB38-4792-8DD8-7B61C207BDD1}"
EndProject
Project("{FAE04EC0-301F-11D3-BF4B-00C04F79EFBC}") = "CallOut_CodingServiceHost", "CallOut_CodingServiceHost\CallOut_CodingServiceHost.csproj", "{47F6D836-4A52-455A-84B5-5581D3AF3958}"
EndProject
Global
	GlobalSection(SolutionConfigurationPlatforms) = preSolution
		Debug|Any CPU = Debug|Any CPU
		Release|Any CPU = Release|Any CPU
	EndGlobalSection
	GlobalSection(ProjectConfigurationPlatforms) = postSolution
		{D8E04806-EB38-4792-8DD8-7B61C207BDD1}.Debug|Any CPU.ActiveCfg = Debug|Any CPU
		{D8E04806-EB38-4792-8DD8-7B61C207BDD1}.Debug|Any CPU.Build.0 = Debug|Any CPU
		{D8E04806-EB38-4792-8DD8-7B61C207BDD1}.Release|Any CPU.ActiveCfg = Release|Any CPU
		{D8E04806-EB38-4792-8DD8-7B61C207BDD1}.Release|Any CPU.Build.0 = Release|Any CPU
		{47F6D836-4A52-455A-84B5-5581D3AF3958}.Debug|Any CPU.ActiveCfg = Debug|Any CPU
		{47F6D836-4A52-455A-84B5-5581D3AF3958}.Debug|Any CPU.Build.0 = Debug|Any CPU
		{47F6D836-4A52-455A-84B5-5581D3AF3958}.Release|Any CPU.ActiveCfg = Release|Any CPU
		{47F6D836-4A52-455A-84B5-5581D3AF3958}.Release|Any CPU.Build.0 = Release|Any CPU
	EndGlobalSection
	GlobalSection(SolutionProperties) = preSolution
		HideSolutionNode = FALSE
	EndGlobalSection
EndGlobal
